// !$*UTF8*$!
{
	archiveVersion = 1;
	classes = {
	};
	objectVersion = 51;
	objects = {

/* Begin PBXBuildFile section */
		4C06507E25AD0DEC001F73BB /* MapSearchViewController.swift in Sources */ = {isa = PBXBuildFile; fileRef = 4C06507D25AD0DEC001F73BB /* MapSearchViewController.swift */; };
		4C06508025AD23C5001F73BB /* SearchResultMapViewController.swift in Sources */ = {isa = PBXBuildFile; fileRef = 4C06507F25AD23C5001F73BB /* SearchResultMapViewController.swift */; };
		4C06508425AE33A6001F73BB /* AddCarViewController.swift in Sources */ = {isa = PBXBuildFile; fileRef = 4C06508325AE33A6001F73BB /* AddCarViewController.swift */; };
		4C06508625AE344C001F73BB /* Location.swift in Sources */ = {isa = PBXBuildFile; fileRef = 4C06508525AE344C001F73BB /* Location.swift */; };
		4C2A892425C30BDC00CC0313 /* GoogleService-Info.plist in Resources */ = {isa = PBXBuildFile; fileRef = 4C2A892325C30BDC00CC0313 /* GoogleService-Info.plist */; };
		4C2A892625C30ED900CC0313 /* Podfile in Resources */ = {isa = PBXBuildFile; fileRef = 4C2A892525C30ED900CC0313 /* Podfile */; };
		4C51DFC025C32D4A000635B0 /* LoginViewController.swift in Sources */ = {isa = PBXBuildFile; fileRef = 4C51DFBF25C32D4A000635B0 /* LoginViewController.swift */; };
		4C6C392025A1F84C006581D4 /* AppDelegate.swift in Sources */ = {isa = PBXBuildFile; fileRef = 4C6C391F25A1F84C006581D4 /* AppDelegate.swift */; };
		4C6C392225A1F84C006581D4 /* SceneDelegate.swift in Sources */ = {isa = PBXBuildFile; fileRef = 4C6C392125A1F84C006581D4 /* SceneDelegate.swift */; };
		4C6C392425A1F84C006581D4 /* ViewController.swift in Sources */ = {isa = PBXBuildFile; fileRef = 4C6C392325A1F84C006581D4 /* ViewController.swift */; };
		4C6C392725A1F84C006581D4 /* Main.storyboard in Resources */ = {isa = PBXBuildFile; fileRef = 4C6C392525A1F84C006581D4 /* Main.storyboard */; };
		4C6C392925A1F84E006581D4 /* Assets.xcassets in Resources */ = {isa = PBXBuildFile; fileRef = 4C6C392825A1F84E006581D4 /* Assets.xcassets */; };
		4C6C392C25A1F84E006581D4 /* LaunchScreen.storyboard in Resources */ = {isa = PBXBuildFile; fileRef = 4C6C392A25A1F84E006581D4 /* LaunchScreen.storyboard */; };
		4C724AA225BF111F00A47F7F /* ImageViewController.swift in Sources */ = {isa = PBXBuildFile; fileRef = 4C724AA125BF111F00A47F7F /* ImageViewController.swift */; };
		4C724AA425BF13D400A47F7F /* ImageCollectionViewCell.swift in Sources */ = {isa = PBXBuildFile; fileRef = 4C724AA325BF13D400A47F7F /* ImageCollectionViewCell.swift */; };
		4C896F1A25D1E18E00C33FE1 /* UsersCarTableViewCell.swift in Sources */ = {isa = PBXBuildFile; fileRef = 4C896F1925D1E18E00C33FE1 /* UsersCarTableViewCell.swift */; };
		4C9420EB25A66354001BC875 /* ListCarViewController.swift in Sources */ = {isa = PBXBuildFile; fileRef = 4C9420EA25A66354001BC875 /* ListCarViewController.swift */; };
		4C9420ED25A66C41001BC875 /* ListCarRentViewController.swift in Sources */ = {isa = PBXBuildFile; fileRef = 4C9420EC25A66C41001BC875 /* ListCarRentViewController.swift */; };
		4C9420F025A66DD7001BC875 /* TableViewCell.swift in Sources */ = {isa = PBXBuildFile; fileRef = 4C9420EF25A66DD7001BC875 /* TableViewCell.swift */; };
		4C9420F325A66F55001BC875 /* Car.swift in Sources */ = {isa = PBXBuildFile; fileRef = 4C9420F225A66F55001BC875 /* Car.swift */; };
		4C9420F525A68A31001BC875 /* TabBarController.swift in Sources */ = {isa = PBXBuildFile; fileRef = 4C9420F425A68A31001BC875 /* TabBarController.swift */; };
		4CA9C54325C4778E005D1387 /* User.swift in Sources */ = {isa = PBXBuildFile; fileRef = 4CA9C54225C4778E005D1387 /* User.swift */; };
		4CB416F425C83F4000E01768 /* RegisterViewController.swift in Sources */ = {isa = PBXBuildFile; fileRef = 4CB416F325C83F4000E01768 /* RegisterViewController.swift */; };
		4CB416F525C8653400E01768 /* Pods_ProektMA.framework in Frameworks */ = {isa = PBXBuildFile; fileRef = 2AD440371D10161D84931D58 /* Pods_ProektMA.framework */; };
		4CB416F625C8653400E01768 /* Pods_ProektMA.framework in Embed Frameworks */ = {isa = PBXBuildFile; fileRef = 2AD440371D10161D84931D58 /* Pods_ProektMA.framework */; settings = {ATTRIBUTES = (CodeSignOnCopy, RemoveHeadersOnCopy, ); }; };
		4CB416F925C88A0000E01768 /* Toast.swift in Sources */ = {isa = PBXBuildFile; fileRef = 4CB416F825C88A0000E01768 /* Toast.swift */; };
		4CC3924425A7A970004BB22B /* ListCarDetailViewController.swift in Sources */ = {isa = PBXBuildFile; fileRef = 4CC3924325A7A970004BB22B /* ListCarDetailViewController.swift */; };
		4CD0794E25D4827E0016C16A /* NotificationTableViewCell.swift in Sources */ = {isa = PBXBuildFile; fileRef = 4CD0794D25D4827E0016C16A /* NotificationTableViewCell.swift */; };
		4CD0795025D485460016C16A /* ConformeRentViewController.swift in Sources */ = {isa = PBXBuildFile; fileRef = 4CD0794F25D485460016C16A /* ConformeRentViewController.swift */; };
		4CD807E825C97946000594A7 /* PostCarDateViewController.swift in Sources */ = {isa = PBXBuildFile; fileRef = 4CD807E725C97946000594A7 /* PostCarDateViewController.swift */; };
		4CDE531125C8B5F9008FEA04 /* AccountViewController.swift in Sources */ = {isa = PBXBuildFile; fileRef = 4CDE531025C8B5F9008FEA04 /* AccountViewController.swift */; };
		4CDE531325C8BB2D008FEA04 /* NotificationViewController.swift in Sources */ = {isa = PBXBuildFile; fileRef = 4CDE531225C8BB2D008FEA04 /* NotificationViewController.swift */; };
		4CF61A0925D565B200DAEFE1 /* Noification.swift in Sources */ = {isa = PBXBuildFile; fileRef = 4CF61A0825D565B200DAEFE1 /* Noification.swift */; };
		4CF61A0B25D5AF7000DAEFE1 /* RoundButton.swift in Sources */ = {isa = PBXBuildFile; fileRef = 4CF61A0A25D5AF7000DAEFE1 /* RoundButton.swift */; };
		4CF61A0F25D5FFE700DAEFE1 /* RoundLabel.swift in Sources */ = {isa = PBXBuildFile; fileRef = 4CF61A0E25D5FFE700DAEFE1 /* RoundLabel.swift */; };
/* End PBXBuildFile section */

/* Begin PBXCopyFilesBuildPhase section */
		4CB416F725C8653400E01768 /* Embed Frameworks */ = {
			isa = PBXCopyFilesBuildPhase;
			buildActionMask = 2147483647;
			dstPath = "";
			dstSubfolderSpec = 10;
			files = (
				4CB416F625C8653400E01768 /* Pods_ProektMA.framework in Embed Frameworks */,
			);
			name = "Embed Frameworks";
			runOnlyForDeploymentPostprocessing = 0;
		};
/* End PBXCopyFilesBuildPhase section */

/* Begin PBXFileReference section */
		1BF65FC9857F86C2EB72FA22 /* Pods-ProektMA.release.xcconfig */ = {isa = PBXFileReference; includeInIndex = 1; lastKnownFileType = text.xcconfig; name = "Pods-ProektMA.release.xcconfig"; path = "Target Support Files/Pods-ProektMA/Pods-ProektMA.release.xcconfig"; sourceTree = "<group>"; };
		2AD440371D10161D84931D58 /* Pods_ProektMA.framework */ = {isa = PBXFileReference; explicitFileType = wrapper.framework; includeInIndex = 0; path = Pods_ProektMA.framework; sourceTree = BUILT_PRODUCTS_DIR; };
		4C06507D25AD0DEC001F73BB /* MapSearchViewController.swift */ = {isa = PBXFileReference; lastKnownFileType = sourcecode.swift; path = MapSearchViewController.swift; sourceTree = "<group>"; };
		4C06507F25AD23C5001F73BB /* SearchResultMapViewController.swift */ = {isa = PBXFileReference; lastKnownFileType = sourcecode.swift; path = SearchResultMapViewController.swift; sourceTree = "<group>"; };
		4C06508325AE33A6001F73BB /* AddCarViewController.swift */ = {isa = PBXFileReference; lastKnownFileType = sourcecode.swift; path = AddCarViewController.swift; sourceTree = "<group>"; };
		4C06508525AE344C001F73BB /* Location.swift */ = {isa = PBXFileReference; lastKnownFileType = sourcecode.swift; path = Location.swift; sourceTree = "<group>"; };
		4C2A892325C30BDC00CC0313 /* GoogleService-Info.plist */ = {isa = PBXFileReference; fileEncoding = 4; lastKnownFileType = text.plist.xml; path = "GoogleService-Info.plist"; sourceTree = "<group>"; };
		4C2A892525C30ED900CC0313 /* Podfile */ = {isa = PBXFileReference; fileEncoding = 4; lastKnownFileType = text; path = Podfile; sourceTree = "<group>"; xcLanguageSpecificationIdentifier = xcode.lang.ruby; };
		4C2F043925BB36B0004DB193 /* ProektMA.entitlements */ = {isa = PBXFileReference; lastKnownFileType = text.plist.entitlements; path = ProektMA.entitlements; sourceTree = "<group>"; };
		4C51DFBF25C32D4A000635B0 /* LoginViewController.swift */ = {isa = PBXFileReference; lastKnownFileType = sourcecode.swift; path = LoginViewController.swift; sourceTree = "<group>"; };
		4C6C391C25A1F84C006581D4 /* ProektMA.app */ = {isa = PBXFileReference; explicitFileType = wrapper.application; includeInIndex = 0; path = ProektMA.app; sourceTree = BUILT_PRODUCTS_DIR; };
		4C6C391F25A1F84C006581D4 /* AppDelegate.swift */ = {isa = PBXFileReference; lastKnownFileType = sourcecode.swift; path = AppDelegate.swift; sourceTree = "<group>"; };
		4C6C392125A1F84C006581D4 /* SceneDelegate.swift */ = {isa = PBXFileReference; lastKnownFileType = sourcecode.swift; path = SceneDelegate.swift; sourceTree = "<group>"; };
		4C6C392325A1F84C006581D4 /* ViewController.swift */ = {isa = PBXFileReference; lastKnownFileType = sourcecode.swift; path = ViewController.swift; sourceTree = "<group>"; };
		4C6C392625A1F84C006581D4 /* Base */ = {isa = PBXFileReference; lastKnownFileType = file.storyboard; name = Base; path = Base.lproj/Main.storyboard; sourceTree = "<group>"; };
		4C6C392825A1F84E006581D4 /* Assets.xcassets */ = {isa = PBXFileReference; lastKnownFileType = folder.assetcatalog; path = Assets.xcassets; sourceTree = "<group>"; };
		4C6C392B25A1F84E006581D4 /* Base */ = {isa = PBXFileReference; lastKnownFileType = file.storyboard; name = Base; path = Base.lproj/LaunchScreen.storyboard; sourceTree = "<group>"; };
		4C6C392D25A1F84E006581D4 /* Info.plist */ = {isa = PBXFileReference; lastKnownFileType = text.plist.xml; path = Info.plist; sourceTree = "<group>"; };
		4C724AA125BF111F00A47F7F /* ImageViewController.swift */ = {isa = PBXFileReference; lastKnownFileType = sourcecode.swift; path = ImageViewController.swift; sourceTree = "<group>"; };
		4C724AA325BF13D400A47F7F /* ImageCollectionViewCell.swift */ = {isa = PBXFileReference; lastKnownFileType = sourcecode.swift; path = ImageCollectionViewCell.swift; sourceTree = "<group>"; };
		4C896F1925D1E18E00C33FE1 /* UsersCarTableViewCell.swift */ = {isa = PBXFileReference; lastKnownFileType = sourcecode.swift; path = UsersCarTableViewCell.swift; sourceTree = "<group>"; };
		4C9420EA25A66354001BC875 /* ListCarViewController.swift */ = {isa = PBXFileReference; lastKnownFileType = sourcecode.swift; path = ListCarViewController.swift; sourceTree = "<group>"; };
		4C9420EC25A66C41001BC875 /* ListCarRentViewController.swift */ = {isa = PBXFileReference; lastKnownFileType = sourcecode.swift; path = ListCarRentViewController.swift; sourceTree = "<group>"; };
		4C9420EF25A66DD7001BC875 /* TableViewCell.swift */ = {isa = PBXFileReference; lastKnownFileType = sourcecode.swift; path = TableViewCell.swift; sourceTree = "<group>"; };
		4C9420F225A66F55001BC875 /* Car.swift */ = {isa = PBXFileReference; lastKnownFileType = sourcecode.swift; path = Car.swift; sourceTree = "<group>"; };
		4C9420F425A68A31001BC875 /* TabBarController.swift */ = {isa = PBXFileReference; lastKnownFileType = sourcecode.swift; path = TabBarController.swift; sourceTree = "<group>"; };
		4CA9C54225C4778E005D1387 /* User.swift */ = {isa = PBXFileReference; lastKnownFileType = sourcecode.swift; path = User.swift; sourceTree = "<group>"; };
		4CB416F325C83F4000E01768 /* RegisterViewController.swift */ = {isa = PBXFileReference; lastKnownFileType = sourcecode.swift; path = RegisterViewController.swift; sourceTree = "<group>"; };
		4CB416F825C88A0000E01768 /* Toast.swift */ = {isa = PBXFileReference; lastKnownFileType = sourcecode.swift; path = Toast.swift; sourceTree = "<group>"; };
		4CC3924325A7A970004BB22B /* ListCarDetailViewController.swift */ = {isa = PBXFileReference; lastKnownFileType = sourcecode.swift; path = ListCarDetailViewController.swift; sourceTree = "<group>"; };
		4CD0794D25D4827E0016C16A /* NotificationTableViewCell.swift */ = {isa = PBXFileReference; lastKnownFileType = sourcecode.swift; path = NotificationTableViewCell.swift; sourceTree = "<group>"; };
		4CD0794F25D485460016C16A /* ConformeRentViewController.swift */ = {isa = PBXFileReference; lastKnownFileType = sourcecode.swift; path = ConformeRentViewController.swift; sourceTree = "<group>"; };
		4CD807E725C97946000594A7 /* PostCarDateViewController.swift */ = {isa = PBXFileReference; lastKnownFileType = sourcecode.swift; path = PostCarDateViewController.swift; sourceTree = "<group>"; };
		4CDE531025C8B5F9008FEA04 /* AccountViewController.swift */ = {isa = PBXFileReference; lastKnownFileType = sourcecode.swift; path = AccountViewController.swift; sourceTree = "<group>"; };
		4CDE531225C8BB2D008FEA04 /* NotificationViewController.swift */ = {isa = PBXFileReference; lastKnownFileType = sourcecode.swift; path = NotificationViewController.swift; sourceTree = "<group>"; };
		4CF61A0825D565B200DAEFE1 /* Noification.swift */ = {isa = PBXFileReference; lastKnownFileType = sourcecode.swift; path = Noification.swift; sourceTree = "<group>"; };
		4CF61A0A25D5AF7000DAEFE1 /* RoundButton.swift */ = {isa = PBXFileReference; lastKnownFileType = sourcecode.swift; path = RoundButton.swift; sourceTree = "<group>"; };
		4CF61A0E25D5FFE700DAEFE1 /* RoundLabel.swift */ = {isa = PBXFileReference; lastKnownFileType = sourcecode.swift; path = RoundLabel.swift; sourceTree = "<group>"; };
		9B58320C1F3A510A7C7A1AD6 /* Pods-ProektMA.debug.xcconfig */ = {isa = PBXFileReference; includeInIndex = 1; lastKnownFileType = text.xcconfig; name = "Pods-ProektMA.debug.xcconfig"; path = "Target Support Files/Pods-ProektMA/Pods-ProektMA.debug.xcconfig"; sourceTree = "<group>"; };
/* End PBXFileReference section */

/* Begin PBXFrameworksBuildPhase section */
		4C6C391925A1F84C006581D4 /* Frameworks */ = {
			isa = PBXFrameworksBuildPhase;
			buildActionMask = 2147483647;
			files = (
				4CB416F525C8653400E01768 /* Pods_ProektMA.framework in Frameworks */,
			);
			runOnlyForDeploymentPostprocessing = 0;
		};
/* End PBXFrameworksBuildPhase section */

/* Begin PBXGroup section */
		4C6C391325A1F84B006581D4 = {
			isa = PBXGroup;
			children = (
				4C2A892525C30ED900CC0313 /* Podfile */,
				4C6C391E25A1F84C006581D4 /* ProektMA */,
				4C6C391D25A1F84C006581D4 /* Products */,
				9B7B2A632287C8CCA7C0CB4A /* Pods */,
				883970C3D65BF68C03D3BAC8 /* Frameworks */,
			);
			sourceTree = "<group>";
		};
		4C6C391D25A1F84C006581D4 /* Products */ = {
			isa = PBXGroup;
			children = (
				4C6C391C25A1F84C006581D4 /* ProektMA.app */,
			);
			name = Products;
			sourceTree = "<group>";
		};
		4C6C391E25A1F84C006581D4 /* ProektMA */ = {
			isa = PBXGroup;
			children = (
				4C2A892325C30BDC00CC0313 /* GoogleService-Info.plist */,
				4C2F043925BB36B0004DB193 /* ProektMA.entitlements */,
				4C9420F125A66F39001BC875 /* Model */,
				4C9420EE25A66D9F001BC875 /* Cell */,
				4C9420E925A66160001BC875 /* Controller */,
				4C6C391F25A1F84C006581D4 /* AppDelegate.swift */,
				4C6C392125A1F84C006581D4 /* SceneDelegate.swift */,
				4C6C392325A1F84C006581D4 /* ViewController.swift */,
				4C6C392525A1F84C006581D4 /* Main.storyboard */,
				4C6C392825A1F84E006581D4 /* Assets.xcassets */,
				4C6C392A25A1F84E006581D4 /* LaunchScreen.storyboard */,
				4C6C392D25A1F84E006581D4 /* Info.plist */,
				4CF61A0A25D5AF7000DAEFE1 /* RoundButton.swift */,
				4CF61A0E25D5FFE700DAEFE1 /* RoundLabel.swift */,
			);
			path = ProektMA;
			sourceTree = "<group>";
		};
		4C9420E925A66160001BC875 /* Controller */ = {
			isa = PBXGroup;
			children = (
				4CDE531025C8B5F9008FEA04 /* AccountViewController.swift */,
				4C06508325AE33A6001F73BB /* AddCarViewController.swift */,
				4C724AA125BF111F00A47F7F /* ImageViewController.swift */,
				4CC3924325A7A970004BB22B /* ListCarDetailViewController.swift */,
				4C9420EC25A66C41001BC875 /* ListCarRentViewController.swift */,
				4C9420EA25A66354001BC875 /* ListCarViewController.swift */,
				4C51DFBF25C32D4A000635B0 /* LoginViewController.swift */,
				4C06507D25AD0DEC001F73BB /* MapSearchViewController.swift */,
				4CDE531225C8BB2D008FEA04 /* NotificationViewController.swift */,
				4CD807E725C97946000594A7 /* PostCarDateViewController.swift */,
				4CB416F325C83F4000E01768 /* RegisterViewController.swift */,
				4C06507F25AD23C5001F73BB /* SearchResultMapViewController.swift */,
				4C9420F425A68A31001BC875 /* TabBarController.swift */,
				4CD0794F25D485460016C16A /* ConformeRentViewController.swift */,
			);
			path = Controller;
			sourceTree = "<group>";
		};
		4C9420EE25A66D9F001BC875 /* Cell */ = {
			isa = PBXGroup;
			children = (
				4C9420EF25A66DD7001BC875 /* TableViewCell.swift */,
				4C724AA325BF13D400A47F7F /* ImageCollectionViewCell.swift */,
				4C896F1925D1E18E00C33FE1 /* UsersCarTableViewCell.swift */,
				4CD0794D25D4827E0016C16A /* NotificationTableViewCell.swift */,
			);
			path = Cell;
			sourceTree = "<group>";
		};
		4C9420F125A66F39001BC875 /* Model */ = {
			isa = PBXGroup;
			children = (
				4C9420F225A66F55001BC875 /* Car.swift */,
				4C06508525AE344C001F73BB /* Location.swift */,
				4CA9C54225C4778E005D1387 /* User.swift */,
				4CB416F825C88A0000E01768 /* Toast.swift */,
				4CF61A0825D565B200DAEFE1 /* Noification.swift */,
			);
			path = Model;
			sourceTree = "<group>";
		};
		883970C3D65BF68C03D3BAC8 /* Frameworks */ = {
			isa = PBXGroup;
			children = (
				2AD440371D10161D84931D58 /* Pods_ProektMA.framework */,
			);
			name = Frameworks;
			sourceTree = "<group>";
		};
		9B7B2A632287C8CCA7C0CB4A /* Pods */ = {
			isa = PBXGroup;
			children = (
				9B58320C1F3A510A7C7A1AD6 /* Pods-ProektMA.debug.xcconfig */,
				1BF65FC9857F86C2EB72FA22 /* Pods-ProektMA.release.xcconfig */,
			);
			path = Pods;
			sourceTree = "<group>";
		};
/* End PBXGroup section */

/* Begin PBXNativeTarget section */
		4C6C391B25A1F84C006581D4 /* ProektMA */ = {
			isa = PBXNativeTarget;
			buildConfigurationList = 4C6C393025A1F84E006581D4 /* Build configuration list for PBXNativeTarget "ProektMA" */;
			buildPhases = (
				427946AE67D53B42E6994A8C /* [CP] Check Pods Manifest.lock */,
				4C6C391825A1F84C006581D4 /* Sources */,
				4C6C391925A1F84C006581D4 /* Frameworks */,
				4C6C391A25A1F84C006581D4 /* Resources */,
				BC986C2FC0AC26EF8E28586B /* [CP] Embed Pods Frameworks */,
				4CB416F725C8653400E01768 /* Embed Frameworks */,
			);
			buildRules = (
			);
			dependencies = (
			);
			name = ProektMA;
			productName = ProektMA;
			productReference = 4C6C391C25A1F84C006581D4 /* ProektMA.app */;
			productType = "com.apple.product-type.application";
		};
/* End PBXNativeTarget section */

/* Begin PBXProject section */
		4C6C391425A1F84B006581D4 /* Project object */ = {
			isa = PBXProject;
			attributes = {
				LastSwiftUpdateCheck = 1130;
				LastUpgradeCheck = 1130;
				ORGANIZATIONNAME = "PANCE DUBROVSKI";
				TargetAttributes = {
					4C6C391B25A1F84C006581D4 = {
						CreatedOnToolsVersion = 11.3.1;
					};
				};
			};
			buildConfigurationList = 4C6C391725A1F84B006581D4 /* Build configuration list for PBXProject "ProektMA" */;
			compatibilityVersion = "Xcode 9.3";
			developmentRegion = en;
			hasScannedForEncodings = 0;
			knownRegions = (
				en,
				Base,
			);
			mainGroup = 4C6C391325A1F84B006581D4;
			productRefGroup = 4C6C391D25A1F84C006581D4 /* Products */;
			projectDirPath = "";
			projectRoot = "";
			targets = (
				4C6C391B25A1F84C006581D4 /* ProektMA */,
			);
		};
/* End PBXProject section */

/* Begin PBXResourcesBuildPhase section */
		4C6C391A25A1F84C006581D4 /* Resources */ = {
			isa = PBXResourcesBuildPhase;
			buildActionMask = 2147483647;
			files = (
				4C2A892625C30ED900CC0313 /* Podfile in Resources */,
				4C6C392C25A1F84E006581D4 /* LaunchScreen.storyboard in Resources */,
				4C2A892425C30BDC00CC0313 /* GoogleService-Info.plist in Resources */,
				4C6C392925A1F84E006581D4 /* Assets.xcassets in Resources */,
				4C6C392725A1F84C006581D4 /* Main.storyboard in Resources */,
			);
			runOnlyForDeploymentPostprocessing = 0;
		};
/* End PBXResourcesBuildPhase section */

/* Begin PBXShellScriptBuildPhase section */
		427946AE67D53B42E6994A8C /* [CP] Check Pods Manifest.lock */ = {
			isa = PBXShellScriptBuildPhase;
			buildActionMask = 2147483647;
			files = (
			);
			inputFileListPaths = (
			);
			inputPaths = (
				"${PODS_PODFILE_DIR_PATH}/Podfile.lock",
				"${PODS_ROOT}/Manifest.lock",
			);
			name = "[CP] Check Pods Manifest.lock";
			outputFileListPaths = (
			);
			outputPaths = (
				"$(DERIVED_FILE_DIR)/Pods-ProektMA-checkManifestLockResult.txt",
			);
			runOnlyForDeploymentPostprocessing = 0;
			shellPath = /bin/sh;
			shellScript = "diff \"${PODS_PODFILE_DIR_PATH}/Podfile.lock\" \"${PODS_ROOT}/Manifest.lock\" > /dev/null\nif [ $? != 0 ] ; then\n    # print error to STDERR\n    echo \"error: The sandbox is not in sync with the Podfile.lock. Run 'pod install' or update your CocoaPods installation.\" >&2\n    exit 1\nfi\n# This output is used by Xcode 'outputs' to avoid re-running this script phase.\necho \"SUCCESS\" > \"${SCRIPT_OUTPUT_FILE_0}\"\n";
			showEnvVarsInLog = 0;
		};
		BC986C2FC0AC26EF8E28586B /* [CP] Embed Pods Frameworks */ = {
			isa = PBXShellScriptBuildPhase;
			buildActionMask = 2147483647;
			files = (
			);
			inputFileListPaths = (
				"${PODS_ROOT}/Target Support Files/Pods-ProektMA/Pods-ProektMA-frameworks-${CONFIGURATION}-input-files.xcfilelist",
			);
			name = "[CP] Embed Pods Frameworks";
			outputFileListPaths = (
				"${PODS_ROOT}/Target Support Files/Pods-ProektMA/Pods-ProektMA-frameworks-${CONFIGURATION}-output-files.xcfilelist",
			);
			runOnlyForDeploymentPostprocessing = 0;
			shellPath = /bin/sh;
			shellScript = "\"${PODS_ROOT}/Target Support Files/Pods-ProektMA/Pods-ProektMA-frameworks.sh\"\n";
			showEnvVarsInLog = 0;
		};
/* End PBXShellScriptBuildPhase section */

/* Begin PBXSourcesBuildPhase section */
		4C6C391825A1F84C006581D4 /* Sources */ = {
			isa = PBXSourcesBuildPhase;
			buildActionMask = 2147483647;
			files = (
				4CF61A0B25D5AF7000DAEFE1 /* RoundButton.swift in Sources */,
				4C9420ED25A66C41001BC875 /* ListCarRentViewController.swift in Sources */,
				4C9420F525A68A31001BC875 /* TabBarController.swift in Sources */,
				4CD807E825C97946000594A7 /* PostCarDateViewController.swift in Sources */,
				4CDE531125C8B5F9008FEA04 /* AccountViewController.swift in Sources */,
				4C724AA425BF13D400A47F7F /* ImageCollectionViewCell.swift in Sources */,
				4C6C392425A1F84C006581D4 /* ViewController.swift in Sources */,
				4CB416F425C83F4000E01768 /* RegisterViewController.swift in Sources */,
				4CF61A0925D565B200DAEFE1 /* Noification.swift in Sources */,
				4C06507E25AD0DEC001F73BB /* MapSearchViewController.swift in Sources */,
				4C06508025AD23C5001F73BB /* SearchResultMapViewController.swift in Sources */,
				4C896F1A25D1E18E00C33FE1 /* UsersCarTableViewCell.swift in Sources */,
				4CC3924425A7A970004BB22B /* ListCarDetailViewController.swift in Sources */,
				4C06508625AE344C001F73BB /* Location.swift in Sources */,
				4CD0794E25D4827E0016C16A /* NotificationTableViewCell.swift in Sources */,
				4C724AA225BF111F00A47F7F /* ImageViewController.swift in Sources */,
				4C06508425AE33A6001F73BB /* AddCarViewController.swift in Sources */,
				4CDE531325C8BB2D008FEA04 /* NotificationViewController.swift in Sources */,
				4CD0795025D485460016C16A /* ConformeRentViewController.swift in Sources */,
				4C6C392025A1F84C006581D4 /* AppDelegate.swift in Sources */,
				4C9420F025A66DD7001BC875 /* TableViewCell.swift in Sources */,
				4C6C392225A1F84C006581D4 /* SceneDelegate.swift in Sources */,
				4C51DFC025C32D4A000635B0 /* LoginViewController.swift in Sources */,
				4CF61A0F25D5FFE700DAEFE1 /* RoundLabel.swift in Sources */,
				4CA9C54325C4778E005D1387 /* User.swift in Sources */,
				4C9420F325A66F55001BC875 /* Car.swift in Sources */,
				4CB416F925C88A0000E01768 /* Toast.swift in Sources */,
				4C9420EB25A66354001BC875 /* ListCarViewController.swift in Sources */,
			);
			runOnlyForDeploymentPostprocessing = 0;
		};
/* End PBXSourcesBuildPhase section */

/* Begin PBXVariantGroup section */
		4C6C392525A1F84C006581D4 /* Main.storyboard */ = {
			isa = PBXVariantGroup;
			children = (
				4C6C392625A1F84C006581D4 /* Base */,
			);
			name = Main.storyboard;
			sourceTree = "<group>";
		};
		4C6C392A25A1F84E006581D4 /* LaunchScreen.storyboard */ = {
			isa = PBXVariantGroup;
			children = (
				4C6C392B25A1F84E006581D4 /* Base */,
			);
			name = LaunchScreen.storyboard;
			sourceTree = "<group>";
		};
/* End PBXVariantGroup section */

/* Begin XCBuildConfiguration section */
		4C6C392E25A1F84E006581D4 /* Debug */ = {
			isa = XCBuildConfiguration;
			buildSettings = {
				ALWAYS_SEARCH_USER_PATHS = NO;
				CLANG_ANALYZER_NONNULL = YES;
				CLANG_ANALYZER_NUMBER_OBJECT_CONVERSION = YES_AGGRESSIVE;
				CLANG_CXX_LANGUAGE_STANDARD = "gnu++14";
				CLANG_CXX_LIBRARY = "libc++";
				CLANG_ENABLE_MODULES = YES;
				CLANG_ENABLE_OBJC_ARC = YES;
				CLANG_ENABLE_OBJC_WEAK = YES;
				CLANG_WARN_BLOCK_CAPTURE_AUTORELEASING = YES;
				CLANG_WARN_BOOL_CONVERSION = YES;
				CLANG_WARN_COMMA = YES;
				CLANG_WARN_CONSTANT_CONVERSION = YES;
				CLANG_WARN_DEPRECATED_OBJC_IMPLEMENTATIONS = YES;
				CLANG_WARN_DIRECT_OBJC_ISA_USAGE = YES_ERROR;
				CLANG_WARN_DOCUMENTATION_COMMENTS = YES;
				CLANG_WARN_EMPTY_BODY = YES;
				CLANG_WARN_ENUM_CONVERSION = YES;
				CLANG_WARN_INFINITE_RECURSION = YES;
				CLANG_WARN_INT_CONVERSION = YES;
				CLANG_WARN_NON_LITERAL_NULL_CONVERSION = YES;
				CLANG_WARN_OBJC_IMPLICIT_RETAIN_SELF = YES;
				CLANG_WARN_OBJC_LITERAL_CONVERSION = YES;
				CLANG_WARN_OBJC_ROOT_CLASS = YES_ERROR;
				CLANG_WARN_RANGE_LOOP_ANALYSIS = YES;
				CLANG_WARN_STRICT_PROTOTYPES = YES;
				CLANG_WARN_SUSPICIOUS_MOVE = YES;
				CLANG_WARN_UNGUARDED_AVAILABILITY = YES_AGGRESSIVE;
				CLANG_WARN_UNREACHABLE_CODE = YES;
				CLANG_WARN__DUPLICATE_METHOD_MATCH = YES;
				COPY_PHASE_STRIP = NO;
				DEBUG_INFORMATION_FORMAT = dwarf;
				ENABLE_STRICT_OBJC_MSGSEND = YES;
				ENABLE_TESTABILITY = YES;
				GCC_C_LANGUAGE_STANDARD = gnu11;
				GCC_DYNAMIC_NO_PIC = NO;
				GCC_NO_COMMON_BLOCKS = YES;
				GCC_OPTIMIZATION_LEVEL = 0;
				GCC_PREPROCESSOR_DEFINITIONS = (
					"DEBUG=1",
					"$(inherited)",
				);
				GCC_WARN_64_TO_32_BIT_CONVERSION = YES;
				GCC_WARN_ABOUT_RETURN_TYPE = YES_ERROR;
				GCC_WARN_UNDECLARED_SELECTOR = YES;
				GCC_WARN_UNINITIALIZED_AUTOS = YES_AGGRESSIVE;
				GCC_WARN_UNUSED_FUNCTION = YES;
				GCC_WARN_UNUSED_VARIABLE = YES;
				IPHONEOS_DEPLOYMENT_TARGET = 13.2;
				MTL_ENABLE_DEBUG_INFO = INCLUDE_SOURCE;
				MTL_FAST_MATH = YES;
				ONLY_ACTIVE_ARCH = YES;
				SDKROOT = iphoneos;
				SWIFT_ACTIVE_COMPILATION_CONDITIONS = DEBUG;
				SWIFT_OPTIMIZATION_LEVEL = "-Onone";
			};
			name = Debug;
		};
		4C6C392F25A1F84E006581D4 /* Release */ = {
			isa = XCBuildConfiguration;
			buildSettings = {
				ALWAYS_SEARCH_USER_PATHS = NO;
				CLANG_ANALYZER_NONNULL = YES;
				CLANG_ANALYZER_NUMBER_OBJECT_CONVERSION = YES_AGGRESSIVE;
				CLANG_CXX_LANGUAGE_STANDARD = "gnu++14";
				CLANG_CXX_LIBRARY = "libc++";
				CLANG_ENABLE_MODULES = YES;
				CLANG_ENABLE_OBJC_ARC = YES;
				CLANG_ENABLE_OBJC_WEAK = YES;
				CLANG_WARN_BLOCK_CAPTURE_AUTORELEASING = YES;
				CLANG_WARN_BOOL_CONVERSION = YES;
				CLANG_WARN_COMMA = YES;
				CLANG_WARN_CONSTANT_CONVERSION = YES;
				CLANG_WARN_DEPRECATED_OBJC_IMPLEMENTATIONS = YES;
				CLANG_WARN_DIRECT_OBJC_ISA_USAGE = YES_ERROR;
				CLANG_WARN_DOCUMENTATION_COMMENTS = YES;
				CLANG_WARN_EMPTY_BODY = YES;
				CLANG_WARN_ENUM_CONVERSION = YES;
				CLANG_WARN_INFINITE_RECURSION = YES;
				CLANG_WARN_INT_CONVERSION = YES;
				CLANG_WARN_NON_LITERAL_NULL_CONVERSION = YES;
				CLANG_WARN_OBJC_IMPLICIT_RETAIN_SELF = YES;
				CLANG_WARN_OBJC_LITERAL_CONVERSION = YES;
				CLANG_WARN_OBJC_ROOT_CLASS = YES_ERROR;
				CLANG_WARN_RANGE_LOOP_ANALYSIS = YES;
				CLANG_WARN_STRICT_PROTOTYPES = YES;
				CLANG_WARN_SUSPICIOUS_MOVE = YES;
				CLANG_WARN_UNGUARDED_AVAILABILITY = YES_AGGRESSIVE;
				CLANG_WARN_UNREACHABLE_CODE = YES;
				CLANG_WARN__DUPLICATE_METHOD_MATCH = YES;
				COPY_PHASE_STRIP = NO;
				DEBUG_INFORMATION_FORMAT = "dwarf-with-dsym";
				ENABLE_NS_ASSERTIONS = NO;
				ENABLE_STRICT_OBJC_MSGSEND = YES;
				GCC_C_LANGUAGE_STANDARD = gnu11;
				GCC_NO_COMMON_BLOCKS = YES;
				GCC_WARN_64_TO_32_BIT_CONVERSION = YES;
				GCC_WARN_ABOUT_RETURN_TYPE = YES_ERROR;
				GCC_WARN_UNDECLARED_SELECTOR = YES;
				GCC_WARN_UNINITIALIZED_AUTOS = YES_AGGRESSIVE;
				GCC_WARN_UNUSED_FUNCTION = YES;
				GCC_WARN_UNUSED_VARIABLE = YES;
				IPHONEOS_DEPLOYMENT_TARGET = 13.2;
				MTL_ENABLE_DEBUG_INFO = NO;
				MTL_FAST_MATH = YES;
				SDKROOT = iphoneos;
				SWIFT_COMPILATION_MODE = wholemodule;
				SWIFT_OPTIMIZATION_LEVEL = "-O";
				VALIDATE_PRODUCT = YES;
			};
			name = Release;
		};
		4C6C393125A1F84E006581D4 /* Debug */ = {
			isa = XCBuildConfiguration;
			baseConfigurationReference = 9B58320C1F3A510A7C7A1AD6 /* Pods-ProektMA.debug.xcconfig */;
			buildSettings = {
				ASSETCATALOG_COMPILER_APPICON_NAME = AppIcon;
				CODE_SIGN_ENTITLEMENTS = ProektMA/ProektMA.entitlements;
				CODE_SIGN_STYLE = Automatic;
				DEVELOPMENT_TEAM = "";
				INFOPLIST_FILE = ProektMA/Info.plist;
				LD_RUNPATH_SEARCH_PATHS = (
					"$(inherited)",
					"@executable_path/Frameworks",
				);
				PRODUCT_BUNDLE_IDENTIFIER = example.ProektMA;
				PRODUCT_NAME = "$(TARGET_NAME)";
				SWIFT_VERSION = 5.0;
				TARGETED_DEVICE_FAMILY = "1,2";
			};
			name = Debug;
		};
		4C6C393225A1F84E006581D4 /* Release */ = {
			isa = XCBuildConfiguration;
			baseConfigurationReference = 1BF65FC9857F86C2EB72FA22 /* Pods-ProektMA.release.xcconfig */;
			buildSettings = {
				ASSETCATALOG_COMPILER_APPICON_NAME = AppIcon;
				CODE_SIGN_ENTITLEMENTS = ProektMA/ProektMA.entitlements;
				CODE_SIGN_STYLE = Automatic;
				DEVELOPMENT_TEAM = "";
				INFOPLIST_FILE = ProektMA/Info.plist;
				LD_RUNPATH_SEARCH_PATHS = (
					"$(inherited)",
					"@executable_path/Frameworks",
				);
				PRODUCT_BUNDLE_IDENTIFIER = example.ProektMA;
				PRODUCT_NAME = "$(TARGET_NAME)";
				SWIFT_VERSION = 5.0;
				TARGETED_DEVICE_FAMILY = "1,2";
			};
			name = Release;
		};
/* End XCBuildConfiguration section */

/* Begin XCConfigurationList section */
		4C6C391725A1F84B006581D4 /* Build configuration list for PBXProject "ProektMA" */ = {
			isa = XCConfigurationList;
			buildConfigurations = (
				4C6C392E25A1F84E006581D4 /* Debug */,
				4C6C392F25A1F84E006581D4 /* Release */,
			);
			defaultConfigurationIsVisible = 0;
			defaultConfigurationName = Release;
		};
		4C6C393025A1F84E006581D4 /* Build configuration list for PBXNativeTarget "ProektMA" */ = {
			isa = XCConfigurationList;
			buildConfigurations = (
				4C6C393125A1F84E006581D4 /* Debug */,
				4C6C393225A1F84E006581D4 /* Release */,
			);
			defaultConfigurationIsVisible = 0;
			defaultConfigurationName = Release;
		};
/* End XCConfigurationList section */
	};
	rootObject = 4C6C391425A1F84B006581D4 /* Project object */;
}
